
Microsoft Visual Studio Solution File, Format Version 12.00
# Visual Studio Version 16
VisualStudioVersion = 16.0.30621.155
MinimumVisualStudioVersion = 10.0.40219.1
Project("{9A19103F-16F7-4668-BE54-9A1E7A4F7556}") = "textBaseGame", "textBaseGame.csproj", "{69CDA6B8-DB89-4E1D-929C-10757C465BDC}"
EndProject
Global
	GlobalSection(SolutionConfigurationPlatforms) = preSolution
		Debug|Any CPU = Debug|Any CPU
		Release|Any CPU = Release|Any CPU
	EndGlobalSection
	GlobalSection(ProjectConfigurationPlatforms) = postSolution
		{69CDA6B8-DB89-4E1D-929C-10757C465BDC}.Debug|Any CPU.ActiveCfg = Debug|Any CPU
		{69CDA6B8-DB89-4E1D-929C-10757C465BDC}.Debug|Any CPU.Build.0 = Debug|Any CPU
		{69CDA6B8-DB89-4E1D-929C-10757C465BDC}.Release|Any CPU.ActiveCfg = Release|Any CPU
		{69CDA6B8-DB89-4E1D-929C-10757C465BDC}.Release|Any CPU.Build.0 = Release|Any CPU
	EndGlobalSection
	GlobalSection(SolutionProperties) = preSolution
		HideSolutionNode = FALSE
	EndGlobalSection
	GlobalSection(ExtensibilityGlobals) = postSolution
		SolutionGuid = {ACD39F8A-1536-4289-8E95-C6C0321C520B}
	EndGlobalSection
EndGlobal
